schema: '2.0'
stages:
  stage_load_save:
    cmd: python src/stage_01_load_save.py
    deps:
    - path: config/config.yaml
      md5: 9c30e667a49766ae56ca4427968c5ca9
      size: 274
    - path: src/stage_01_load_save.py
      md5: 0e2a4fd968970a22c97eb4f29e2dde08
      size: 1044
    - path: src/utils/all_utils.py
      md5: f241e55771dd5207beebe16632605fc6
      size: 442
    outs:
    - path: artifacts/raw_local_dir/data.csv
      md5: 5c33bd2c9a20152b080d3ae7ee0542b6
      size: 91999
